Microsoft Visual Studio Solution File, Format Version 11.00
# Visual Studio 2010
Project("{2150E333-8FDC-42A3-9474-1A3956D46DE8}") = "samples", "samples", "{E51BCCED-94BB-4C92-98A0-3D1310E01FAE}"
EndProject
Project("{2150E333-8FDC-42A3-9474-1A3956D46DE8}") = "StateNameServer", "StateNameServer", "{26870E6B-C93E-4102-91F6-938B2603CE9A}"
EndProject
Project("{FAE04EC0-301F-11D3-BF4B-00C04F79EFBC}") = "xmlrpc", "src\xmlrpc.csproj", "{1B4B0A58-0AFB-4090-91DD-18912CC7DE65}"
EndProject
Project("{FAE04EC0-301F-11D3-BF4B-00C04F79EFBC}") = "AsyncBettyApplication", "samples\AsyncBettyApplication\AsyncBettyApplication.csproj", "{47C8D059-8A35-42D2-8F63-559A788A5695}"
	ProjectSection(ProjectDependencies) = postProject
		{1B4B0A58-0AFB-4090-91DD-18912CC7DE65} = {1B4B0A58-0AFB-4090-91DD-18912CC7DE65}
	EndProjectSection
EndProject
Project("{FAE04EC0-301F-11D3-BF4B-00C04F79EFBC}") = "BettyApplication", "samples\BettyApplication\BettyApplication.csproj", "{D82D2A7C-CCBD-4229-9B91-1BDB26F8D5D1}"
	ProjectSection(ProjectDependencies) = postProject
		{1B4B0A58-0AFB-4090-91DD-18912CC7DE65} = {1B4B0A58-0AFB-4090-91DD-18912CC7DE65}
	EndProjectSection
EndProject
Project("{FAE04EC0-301F-11D3-BF4B-00C04F79EFBC}") = "LoggingExample", "samples\LoggingExample\LoggingExample.csproj", "{3AD1D8E7-9F7A-423E-B655-70F8E778AFE9}"
	ProjectSection(ProjectDependencies) = postProject
		{1B4B0A58-0AFB-4090-91DD-18912CC7DE65} = {1B4B0A58-0AFB-4090-91DD-18912CC7DE65}
	EndProjectSection
EndProject
Project("{FAE04EC0-301F-11D3-BF4B-00C04F79EFBC}") = "MathApp", "samples\MathApp\MathApp.csproj", "{459B4B09-B331-499B-A33A-BFDA6AED19EE}"
	ProjectSection(ProjectDependencies) = postProject
		{1B4B0A58-0AFB-4090-91DD-18912CC7DE65} = {1B4B0A58-0AFB-4090-91DD-18912CC7DE65}
	EndProjectSection
EndProject
Project("{FAE04EC0-301F-11D3-BF4B-00C04F79EFBC}") = "MathService", "samples\MathService\MathService.csproj", "{44298FB2-44CA-4CDF-A806-98BCAC5DB179}"
	ProjectSection(ProjectDependencies) = postProject
		{1B4B0A58-0AFB-4090-91DD-18912CC7DE65} = {1B4B0A58-0AFB-4090-91DD-18912CC7DE65}
		{7549FCD3-D436-44DC-A013-0D0630B7236B} = {7549FCD3-D436-44DC-A013-0D0630B7236B}
	EndProjectSection
EndProject
Project("{FAE04EC0-301F-11D3-BF4B-00C04F79EFBC}") = "client", "samples\StateNameServer\client\client.csproj", "{B9984631-7145-438E-968C-5F58A10D26C5}"
	ProjectSection(ProjectDependencies) = postProject
		{D336462F-2F05-4B21-B616-BE7A0F8F8134} = {D336462F-2F05-4B21-B616-BE7A0F8F8134}
		{1B4B0A58-0AFB-4090-91DD-18912CC7DE65} = {1B4B0A58-0AFB-4090-91DD-18912CC7DE65}
	EndProjectSection
EndProject
Project("{FAE04EC0-301F-11D3-BF4B-00C04F79EFBC}") = "interface", "samples\StateNameServer\interface\interface.csproj", "{D336462F-2F05-4B21-B616-BE7A0F8F8134}"
	ProjectSection(ProjectDependencies) = postProject
		{1B4B0A58-0AFB-4090-91DD-18912CC7DE65} = {1B4B0A58-0AFB-4090-91DD-18912CC7DE65}
	EndProjectSection
EndProject
Project("{FAE04EC0-301F-11D3-BF4B-00C04F79EFBC}") = "server", "samples\StateNameServer\server\server.csproj", "{84AFB9E3-2694-46D6-AF0F-F4EE213F0CEC}"
	ProjectSection(ProjectDependencies) = postProject
		{D336462F-2F05-4B21-B616-BE7A0F8F8134} = {D336462F-2F05-4B21-B616-BE7A0F8F8134}
		{1B4B0A58-0AFB-4090-91DD-18912CC7DE65} = {1B4B0A58-0AFB-4090-91DD-18912CC7DE65}
		{7549FCD3-D436-44DC-A013-0D0630B7236B} = {7549FCD3-D436-44DC-A013-0D0630B7236B}
	EndProjectSection
EndProject
Project("{FAE04EC0-301F-11D3-BF4B-00C04F79EFBC}") = "xmlrpcserver", "xmlrpcserver\xmlrpcserver.csproj", "{7549FCD3-D436-44DC-A013-0D0630B7236B}"
	ProjectSection(ProjectDependencies) = postProject
		{1B4B0A58-0AFB-4090-91DD-18912CC7DE65} = {1B4B0A58-0AFB-4090-91DD-18912CC7DE65}
	EndProjectSection
EndProject
Project("{FAE04EC0-301F-11D3-BF4B-00C04F79EFBC}") = "ntest", "ntest\ntest.csproj", "{6E73A11C-9595-4C6C-93C2-760BFEA37A1A}"
	ProjectSection(ProjectDependencies) = postProject
		{1B4B0A58-0AFB-4090-91DD-18912CC7DE65} = {1B4B0A58-0AFB-4090-91DD-18912CC7DE65}
		{7549FCD3-D436-44DC-A013-0D0630B7236B} = {7549FCD3-D436-44DC-A013-0D0630B7236B}
	EndProjectSection
EndProject
Project("{FAE04EC0-301F-11D3-BF4B-00C04F79EFBC}") = "xmlrpcsilverlight", "xmlrpcsilverlight\xmlrpcsilverlight.csproj", "{9AB65050-0663-40BC-B3DF-6CD3EC96CAA0}"
EndProject
Project("{FAE04EC0-301F-11D3-BF4B-00C04F79EFBC}") = "StateNameSilverlightClient", "samples\StateNameSilverlightClient\StateNameSilverlightClient.csproj", "{8BBADC32-517C-480E-86DD-519D2C4A4691}"
	ProjectSection(ProjectDependencies) = postProject
		{9AB65050-0663-40BC-B3DF-6CD3EC96CAA0} = {9AB65050-0663-40BC-B3DF-6CD3EC96CAA0}
	EndProjectSection
EndProject
Project("{FAE04EC0-301F-11D3-BF4B-00C04F79EFBC}") = "TestCall", "TestCall\TestCall.csproj", "{75D60BBF-3EB0-4C22-A83F-286A4671DE0C}"
	ProjectSection(ProjectDependencies) = postProject
		{1B4B0A58-0AFB-4090-91DD-18912CC7DE65} = {1B4B0A58-0AFB-4090-91DD-18912CC7DE65}
	EndProjectSection
EndProject
Global
	GlobalSection(SolutionConfigurationPlatforms) = preSolution
		Debug|Any CPU = Debug|Any CPU
		Debug|Mixed Platforms = Debug|Mixed Platforms
		Debug|x86 = Debug|x86
		Development|Any CPU = Development|Any CPU
		Development|Mixed Platforms = Development|Mixed Platforms
		Development|x86 = Development|x86
		Release|Any CPU = Release|Any CPU
		Release|Mixed Platforms = Release|Mixed Platforms
		Release|x86 = Release|x86
		WindowsPhone|Any CPU = WindowsPhone|Any CPU
		WindowsPhone|Mixed Platforms = WindowsPhone|Mixed Platforms
		WindowsPhone|x86 = WindowsPhone|x86
	EndGlobalSection
	GlobalSection(ProjectConfigurationPlatforms) = postSolution
		{1B4B0A58-0AFB-4090-91DD-18912CC7DE65}.Debug|Any CPU.ActiveCfg = Debug|Any CPU
		{1B4B0A58-0AFB-4090-91DD-18912CC7DE65}.Debug|Any CPU.Build.0 = Debug|Any CPU
		{1B4B0A58-0AFB-4090-91DD-18912CC7DE65}.Debug|Mixed Platforms.ActiveCfg = Debug|Any CPU
		{1B4B0A58-0AFB-4090-91DD-18912CC7DE65}.Debug|Mixed Platforms.Build.0 = Debug|Any CPU
		{1B4B0A58-0AFB-4090-91DD-18912CC7DE65}.Debug|x86.ActiveCfg = Debug|Any CPU
		{1B4B0A58-0AFB-4090-91DD-18912CC7DE65}.Development|Any CPU.ActiveCfg = Debug|Any CPU
		{1B4B0A58-0AFB-4090-91DD-18912CC7DE65}.Development|Mixed Platforms.ActiveCfg = Debug|Any CPU
		{1B4B0A58-0AFB-4090-91DD-18912CC7DE65}.Development|Mixed Platforms.Build.0 = Debug|Any CPU
		{1B4B0A58-0AFB-4090-91DD-18912CC7DE65}.Development|x86.ActiveCfg = Debug|Any CPU
		{1B4B0A58-0AFB-4090-91DD-18912CC7DE65}.Release|Any CPU.ActiveCfg = Release|Any CPU
		{1B4B0A58-0AFB-4090-91DD-18912CC7DE65}.Release|Any CPU.Build.0 = Release|Any CPU
		{1B4B0A58-0AFB-4090-91DD-18912CC7DE65}.Release|Mixed Platforms.ActiveCfg = Release|Any CPU
		{1B4B0A58-0AFB-4090-91DD-18912CC7DE65}.Release|Mixed Platforms.Build.0 = Release|Any CPU
		{1B4B0A58-0AFB-4090-91DD-18912CC7DE65}.Release|x86.ActiveCfg = Release|Any CPU
		{1B4B0A58-0AFB-4090-91DD-18912CC7DE65}.WindowsPhone|Any CPU.ActiveCfg = Debug|Any CPU
		{1B4B0A58-0AFB-4090-91DD-18912CC7DE65}.WindowsPhone|Mixed Platforms.ActiveCfg = Release|Any CPU
		{1B4B0A58-0AFB-4090-91DD-18912CC7DE65}.WindowsPhone|Mixed Platforms.Build.0 = Release|Any CPU
		{1B4B0A58-0AFB-4090-91DD-18912CC7DE65}.WindowsPhone|x86.ActiveCfg = Release|Any CPU
		{47C8D059-8A35-42D2-8F63-559A788A5695}.Debug|Any CPU.ActiveCfg = Debug|Any CPU
		{47C8D059-8A35-42D2-8F63-559A788A5695}.Debug|Any CPU.Build.0 = Debug|Any CPU
		{47C8D059-8A35-42D2-8F63-559A788A5695}.Debug|Mixed Platforms.ActiveCfg = Debug|Any CPU
		{47C8D059-8A35-42D2-8F63-559A788A5695}.Debug|Mixed Platforms.Build.0 = Debug|Any CPU
		{47C8D059-8A35-42D2-8F63-559A788A5695}.Debug|x86.ActiveCfg = Debug|Any CPU
		{47C8D059-8A35-42D2-8F63-559A788A5695}.Development|Any CPU.ActiveCfg = Debug|Any CPU
		{47C8D059-8A35-42D2-8F63-559A788A5695}.Development|Mixed Platforms.ActiveCfg = Debug|Any CPU
		{47C8D059-8A35-42D2-8F63-559A788A5695}.Development|x86.ActiveCfg = Debug|Any CPU
		{47C8D059-8A35-42D2-8F63-559A788A5695}.Release|Any CPU.ActiveCfg = Release|Any CPU
		{47C8D059-8A35-42D2-8F63-559A788A5695}.Release|Any CPU.Build.0 = Release|Any CPU
		{47C8D059-8A35-42D2-8F63-559A788A5695}.Release|Mixed Platforms.ActiveCfg = Release|Any CPU
		{47C8D059-8A35-42D2-8F63-559A788A5695}.Release|Mixed Platforms.Build.0 = Release|Any CPU
		{47C8D059-8A35-42D2-8F63-559A788A5695}.Release|x86.ActiveCfg = Release|Any CPU
		{47C8D059-8A35-42D2-8F63-559A788A5695}.WindowsPhone|Any CPU.ActiveCfg = Debug|Any CPU
		{47C8D059-8A35-42D2-8F63-559A788A5695}.WindowsPhone|Mixed Platforms.ActiveCfg = Release|Any CPU
		{47C8D059-8A35-42D2-8F63-559A788A5695}.WindowsPhone|Mixed Platforms.Build.0 = Release|Any CPU
		{47C8D059-8A35-42D2-8F63-559A788A5695}.WindowsPhone|x86.ActiveCfg = Release|Any CPU
		{D82D2A7C-CCBD-4229-9B91-1BDB26F8D5D1}.Debug|Any CPU.ActiveCfg = Debug|Any CPU
		{D82D2A7C-CCBD-4229-9B91-1BDB26F8D5D1}.Debug|Any CPU.Build.0 = Debug|Any CPU
		{D82D2A7C-CCBD-4229-9B91-1BDB26F8D5D1}.Debug|Mixed Platforms.ActiveCfg = Debug|Any CPU
		{D82D2A7C-CCBD-4229-9B91-1BDB26F8D5D1}.Debug|Mixed Platforms.Build.0 = Debug|Any CPU
		{D82D2A7C-CCBD-4229-9B91-1BDB26F8D5D1}.Debug|x86.ActiveCfg = Debug|Any CPU
		{D82D2A7C-CCBD-4229-9B91-1BDB26F8D5D1}.Development|Any CPU.ActiveCfg = Debug|Any CPU
		{D82D2A7C-CCBD-4229-9B91-1BDB26F8D5D1}.Development|Mixed Platforms.ActiveCfg = Debug|Any CPU
		{D82D2A7C-CCBD-4229-9B91-1BDB26F8D5D1}.Development|x86.ActiveCfg = Debug|Any CPU
		{D82D2A7C-CCBD-4229-9B91-1BDB26F8D5D1}.Release|Any CPU.ActiveCfg = Release|Any CPU
		{D82D2A7C-CCBD-4229-9B91-1BDB26F8D5D1}.Release|Any CPU.Build.0 = Release|Any CPU
		{D82D2A7C-CCBD-4229-9B91-1BDB26F8D5D1}.Release|Mixed Platforms.ActiveCfg = Release|Any CPU
		{D82D2A7C-CCBD-4229-9B91-1BDB26F8D5D1}.Release|Mixed Platforms.Build.0 = Release|Any CPU
		{D82D2A7C-CCBD-4229-9B91-1BDB26F8D5D1}.Release|x86.ActiveCfg = Release|Any CPU
		{D82D2A7C-CCBD-4229-9B91-1BDB26F8D5D1}.WindowsPhone|Any CPU.ActiveCfg = Debug|Any CPU
		{D82D2A7C-CCBD-4229-9B91-1BDB26F8D5D1}.WindowsPhone|Mixed Platforms.ActiveCfg = Release|Any CPU
		{D82D2A7C-CCBD-4229-9B91-1BDB26F8D5D1}.WindowsPhone|Mixed Platforms.Build.0 = Release|Any CPU
		{D82D2A7C-CCBD-4229-9B91-1BDB26F8D5D1}.WindowsPhone|x86.ActiveCfg = Release|Any CPU
		{3AD1D8E7-9F7A-423E-B655-70F8E778AFE9}.Debug|Any CPU.ActiveCfg = Debug|Any CPU
		{3AD1D8E7-9F7A-423E-B655-70F8E778AFE9}.Debug|Any CPU.Build.0 = Debug|Any CPU
		{3AD1D8E7-9F7A-423E-B655-70F8E778AFE9}.Debug|Mixed Platforms.ActiveCfg = Debug|Any CPU
		{3AD1D8E7-9F7A-423E-B655-70F8E778AFE9}.Debug|Mixed Platforms.Build.0 = Debug|Any CPU
		{3AD1D8E7-9F7A-423E-B655-70F8E778AFE9}.Debug|x86.ActiveCfg = Debug|Any CPU
		{3AD1D8E7-9F7A-423E-B655-70F8E778AFE9}.Development|Any CPU.ActiveCfg = Debug|Any CPU
		{3AD1D8E7-9F7A-423E-B655-70F8E778AFE9}.Development|Mixed Platforms.ActiveCfg = Debug|Any CPU
		{3AD1D8E7-9F7A-423E-B655-70F8E778AFE9}.Development|x86.ActiveCfg = Debug|Any CPU
		{3AD1D8E7-9F7A-423E-B655-70F8E778AFE9}.Release|Any CPU.ActiveCfg = Release|Any CPU
		{3AD1D8E7-9F7A-423E-B655-70F8E778AFE9}.Release|Any CPU.Build.0 = Release|Any CPU
		{3AD1D8E7-9F7A-423E-B655-70F8E778AFE9}.Release|Mixed Platforms.ActiveCfg = Release|Any CPU
		{3AD1D8E7-9F7A-423E-B655-70F8E778AFE9}.Release|Mixed Platforms.Build.0 = Release|Any CPU
		{3AD1D8E7-9F7A-423E-B655-70F8E778AFE9}.Release|x86.ActiveCfg = Release|Any CPU
		{3AD1D8E7-9F7A-423E-B655-70F8E778AFE9}.WindowsPhone|Any CPU.ActiveCfg = Debug|Any CPU
		{3AD1D8E7-9F7A-423E-B655-70F8E778AFE9}.WindowsPhone|Mixed Platforms.ActiveCfg = Release|Any CPU
		{3AD1D8E7-9F7A-423E-B655-70F8E778AFE9}.WindowsPhone|Mixed Platforms.Build.0 = Release|Any CPU
		{3AD1D8E7-9F7A-423E-B655-70F8E778AFE9}.WindowsPhone|x86.ActiveCfg = Release|Any CPU
		{459B4B09-B331-499B-A33A-BFDA6AED19EE}.Debug|Any CPU.ActiveCfg = Debug|Any CPU
		{459B4B09-B331-499B-A33A-BFDA6AED19EE}.Debug|Any CPU.Build.0 = Debug|Any CPU
		{459B4B09-B331-499B-A33A-BFDA6AED19EE}.Debug|Mixed Platforms.ActiveCfg = Debug|Any CPU
		{459B4B09-B331-499B-A33A-BFDA6AED19EE}.Debug|Mixed Platforms.Build.0 = Debug|Any CPU
		{459B4B09-B331-499B-A33A-BFDA6AED19EE}.Debug|x86.ActiveCfg = Debug|Any CPU
		{459B4B09-B331-499B-A33A-BFDA6AED19EE}.Development|Any CPU.ActiveCfg = Debug|Any CPU
		{459B4B09-B331-499B-A33A-BFDA6AED19EE}.Development|Mixed Platforms.ActiveCfg = Debug|Any CPU
		{459B4B09-B331-499B-A33A-BFDA6AED19EE}.Development|x86.ActiveCfg = Debug|Any CPU
		{459B4B09-B331-499B-A33A-BFDA6AED19EE}.Release|Any CPU.ActiveCfg = Release|Any CPU
		{459B4B09-B331-499B-A33A-BFDA6AED19EE}.Release|Any CPU.Build.0 = Release|Any CPU
		{459B4B09-B331-499B-A33A-BFDA6AED19EE}.Release|Mixed Platforms.ActiveCfg = Release|Any CPU
		{459B4B09-B331-499B-A33A-BFDA6AED19EE}.Release|Mixed Platforms.Build.0 = Release|Any CPU
		{459B4B09-B331-499B-A33A-BFDA6AED19EE}.Release|x86.ActiveCfg = Release|Any CPU
		{459B4B09-B331-499B-A33A-BFDA6AED19EE}.WindowsPhone|Any CPU.ActiveCfg = Debug|Any CPU
		{459B4B09-B331-499B-A33A-BFDA6AED19EE}.WindowsPhone|Mixed Platforms.ActiveCfg = Release|Any CPU
		{459B4B09-B331-499B-A33A-BFDA6AED19EE}.WindowsPhone|Mixed Platforms.Build.0 = Release|Any CPU
		{459B4B09-B331-499B-A33A-BFDA6AED19EE}.WindowsPhone|x86.ActiveCfg = Release|Any CPU
		{44298FB2-44CA-4CDF-A806-98BCAC5DB179}.Debug|Any CPU.ActiveCfg = Debug|Any CPU
		{44298FB2-44CA-4CDF-A806-98BCAC5DB179}.Debug|Any CPU.Build.0 = Debug|Any CPU
		{44298FB2-44CA-4CDF-A806-98BCAC5DB179}.Debug|Mixed Platforms.ActiveCfg = Debug|Any CPU
		{44298FB2-44CA-4CDF-A806-98BCAC5DB179}.Debug|Mixed Platforms.Build.0 = Debug|Any CPU
		{44298FB2-44CA-4CDF-A806-98BCAC5DB179}.Debug|x86.ActiveCfg = Debug|Any CPU
		{44298FB2-44CA-4CDF-A806-98BCAC5DB179}.Development|Any CPU.ActiveCfg = Debug|Any CPU
		{44298FB2-44CA-4CDF-A806-98BCAC5DB179}.Development|Mixed Platforms.ActiveCfg = Debug|Any CPU
		{44298FB2-44CA-4CDF-A806-98BCAC5DB179}.Development|x86.ActiveCfg = Debug|Any CPU
		{44298FB2-44CA-4CDF-A806-98BCAC5DB179}.Release|Any CPU.ActiveCfg = Release|Any CPU
		{44298FB2-44CA-4CDF-A806-98BCAC5DB179}.Release|Any CPU.Build.0 = Release|Any CPU
		{44298FB2-44CA-4CDF-A806-98BCAC5DB179}.Release|Mixed Platforms.ActiveCfg = Release|Any CPU
		{44298FB2-44CA-4CDF-A806-98BCAC5DB179}.Release|Mixed Platforms.Build.0 = Release|Any CPU
		{44298FB2-44CA-4CDF-A806-98BCAC5DB179}.Release|x86.ActiveCfg = Release|Any CPU
		{44298FB2-44CA-4CDF-A806-98BCAC5DB179}.WindowsPhone|Any CPU.ActiveCfg = Debug|Any CPU
		{44298FB2-44CA-4CDF-A806-98BCAC5DB179}.WindowsPhone|Mixed Platforms.ActiveCfg = Release|Any CPU
		{44298FB2-44CA-4CDF-A806-98BCAC5DB179}.WindowsPhone|Mixed Platforms.Build.0 = Release|Any CPU
		{44298FB2-44CA-4CDF-A806-98BCAC5DB179}.WindowsPhone|x86.ActiveCfg = Release|Any CPU
		{B9984631-7145-438E-968C-5F58A10D26C5}.Debug|Any CPU.ActiveCfg = Debug|Any CPU
		{B9984631-7145-438E-968C-5F58A10D26C5}.Debug|Any CPU.Build.0 = Debug|Any CPU
		{B9984631-7145-438E-968C-5F58A10D26C5}.Debug|Mixed Platforms.ActiveCfg = Debug|Any CPU
		{B9984631-7145-438E-968C-5F58A10D26C5}.Debug|Mixed Platforms.Build.0 = Debug|Any CPU
		{B9984631-7145-438E-968C-5F58A10D26C5}.Debug|x86.ActiveCfg = Debug|Any CPU
		{B9984631-7145-438E-968C-5F58A10D26C5}.Development|Any CPU.ActiveCfg = Debug|Any CPU
		{B9984631-7145-438E-968C-5F58A10D26C5}.Development|Mixed Platforms.ActiveCfg = Debug|Any CPU
		{B9984631-7145-438E-968C-5F58A10D26C5}.Development|x86.ActiveCfg = Debug|Any CPU
		{B9984631-7145-438E-968C-5F58A10D26C5}.Release|Any CPU.ActiveCfg = Release|Any CPU
		{B9984631-7145-438E-968C-5F58A10D26C5}.Release|Any CPU.Build.0 = Release|Any CPU
		{B9984631-7145-438E-968C-5F58A10D26C5}.Release|Mixed Platforms.ActiveCfg = Release|Any CPU
		{B9984631-7145-438E-968C-5F58A10D26C5}.Release|Mixed Platforms.Build.0 = Release|Any CPU
		{B9984631-7145-438E-968C-5F58A10D26C5}.Release|x86.ActiveCfg = Release|Any CPU
		{B9984631-7145-438E-968C-5F58A10D26C5}.WindowsPhone|Any CPU.ActiveCfg = Debug|Any CPU
		{B9984631-7145-438E-968C-5F58A10D26C5}.WindowsPhone|Mixed Platforms.ActiveCfg = Release|Any CPU
		{B9984631-7145-438E-968C-5F58A10D26C5}.WindowsPhone|Mixed Platforms.Build.0 = Release|Any CPU
		{B9984631-7145-438E-968C-5F58A10D26C5}.WindowsPhone|x86.ActiveCfg = Release|Any CPU
		{D336462F-2F05-4B21-B616-BE7A0F8F8134}.Debug|Any CPU.ActiveCfg = Debug|Any CPU
		{D336462F-2F05-4B21-B616-BE7A0F8F8134}.Debug|Any CPU.Build.0 = Debug|Any CPU
		{D336462F-2F05-4B21-B616-BE7A0F8F8134}.Debug|Mixed Platforms.ActiveCfg = Debug|Any CPU
		{D336462F-2F05-4B21-B616-BE7A0F8F8134}.Debug|Mixed Platforms.Build.0 = Debug|Any CPU
		{D336462F-2F05-4B21-B616-BE7A0F8F8134}.Debug|x86.ActiveCfg = Debug|Any CPU
		{D336462F-2F05-4B21-B616-BE7A0F8F8134}.Development|Any CPU.ActiveCfg = Debug|Any CPU
		{D336462F-2F05-4B21-B616-BE7A0F8F8134}.Development|Mixed Platforms.ActiveCfg = Debug|Any CPU
		{D336462F-2F05-4B21-B616-BE7A0F8F8134}.Development|x86.ActiveCfg = Debug|Any CPU
		{D336462F-2F05-4B21-B616-BE7A0F8F8134}.Release|Any CPU.ActiveCfg = Release|Any CPU
		{D336462F-2F05-4B21-B616-BE7A0F8F8134}.Release|Any CPU.Build.0 = Release|Any CPU
		{D336462F-2F05-4B21-B616-BE7A0F8F8134}.Release|Mixed Platforms.ActiveCfg = Release|Any CPU
		{D336462F-2F05-4B21-B616-BE7A0F8F8134}.Release|Mixed Platforms.Build.0 = Release|Any CPU
		{D336462F-2F05-4B21-B616-BE7A0F8F8134}.Release|x86.ActiveCfg = Release|Any CPU
		{D336462F-2F05-4B21-B616-BE7A0F8F8134}.WindowsPhone|Any CPU.ActiveCfg = Debug|Any CPU
		{D336462F-2F05-4B21-B616-BE7A0F8F8134}.WindowsPhone|Mixed Platforms.ActiveCfg = Release|Any CPU
		{D336462F-2F05-4B21-B616-BE7A0F8F8134}.WindowsPhone|Mixed Platforms.Build.0 = Release|Any CPU
		{D336462F-2F05-4B21-B616-BE7A0F8F8134}.WindowsPhone|x86.ActiveCfg = Release|Any CPU
		{84AFB9E3-2694-46D6-AF0F-F4EE213F0CEC}.Debug|Any CPU.ActiveCfg = Debug|Any CPU
		{84AFB9E3-2694-46D6-AF0F-F4EE213F0CEC}.Debug|Any CPU.Build.0 = Debug|Any CPU
		{84AFB9E3-2694-46D6-AF0F-F4EE213F0CEC}.Debug|Mixed Platforms.ActiveCfg = Debug|Any CPU
		{84AFB9E3-2694-46D6-AF0F-F4EE213F0CEC}.Debug|Mixed Platforms.Build.0 = Debug|Any CPU
		{84AFB9E3-2694-46D6-AF0F-F4EE213F0CEC}.Debug|x86.ActiveCfg = Debug|Any CPU
		{84AFB9E3-2694-46D6-AF0F-F4EE213F0CEC}.Development|Any CPU.ActiveCfg = Debug|Any CPU
		{84AFB9E3-2694-46D6-AF0F-F4EE213F0CEC}.Development|Mixed Platforms.ActiveCfg = Debug|Any CPU
		{84AFB9E3-2694-46D6-AF0F-F4EE213F0CEC}.Development|x86.ActiveCfg = Debug|Any CPU
		{84AFB9E3-2694-46D6-AF0F-F4EE213F0CEC}.Release|Any CPU.ActiveCfg = Release|Any CPU
		{84AFB9E3-2694-46D6-AF0F-F4EE213F0CEC}.Release|Any CPU.Build.0 = Release|Any CPU
		{84AFB9E3-2694-46D6-AF0F-F4EE213F0CEC}.Release|Mixed Platforms.ActiveCfg = Release|Any CPU
		{84AFB9E3-2694-46D6-AF0F-F4EE213F0CEC}.Release|Mixed Platforms.Build.0 = Release|Any CPU
		{84AFB9E3-2694-46D6-AF0F-F4EE213F0CEC}.Release|x86.ActiveCfg = Release|Any CPU
		{84AFB9E3-2694-46D6-AF0F-F4EE213F0CEC}.WindowsPhone|Any CPU.ActiveCfg = Debug|Any CPU
		{84AFB9E3-2694-46D6-AF0F-F4EE213F0CEC}.WindowsPhone|Mixed Platforms.ActiveCfg = Release|Any CPU
		{84AFB9E3-2694-46D6-AF0F-F4EE213F0CEC}.WindowsPhone|Mixed Platforms.Build.0 = Release|Any CPU
		{84AFB9E3-2694-46D6-AF0F-F4EE213F0CEC}.WindowsPhone|x86.ActiveCfg = Release|Any CPU
		{7549FCD3-D436-44DC-A013-0D0630B7236B}.Debug|Any CPU.ActiveCfg = Debug|Any CPU
		{7549FCD3-D436-44DC-A013-0D0630B7236B}.Debug|Any CPU.Build.0 = Debug|Any CPU
		{7549FCD3-D436-44DC-A013-0D0630B7236B}.Debug|Mixed Platforms.ActiveCfg = Debug|Any CPU
		{7549FCD3-D436-44DC-A013-0D0630B7236B}.Debug|Mixed Platforms.Build.0 = Debug|Any CPU
		{7549FCD3-D436-44DC-A013-0D0630B7236B}.Debug|x86.ActiveCfg = Debug|Any CPU
		{7549FCD3-D436-44DC-A013-0D0630B7236B}.Development|Any CPU.ActiveCfg = Debug|Any CPU
		{7549FCD3-D436-44DC-A013-0D0630B7236B}.Development|Mixed Platforms.ActiveCfg = Debug|Any CPU
		{7549FCD3-D436-44DC-A013-0D0630B7236B}.Development|x86.ActiveCfg = Debug|Any CPU
		{7549FCD3-D436-44DC-A013-0D0630B7236B}.Release|Any CPU.ActiveCfg = Release|Any CPU
		{7549FCD3-D436-44DC-A013-0D0630B7236B}.Release|Any CPU.Build.0 = Release|Any CPU
		{7549FCD3-D436-44DC-A013-0D0630B7236B}.Release|Mixed Platforms.ActiveCfg = Release|Any CPU
		{7549FCD3-D436-44DC-A013-0D0630B7236B}.Release|Mixed Platforms.Build.0 = Release|Any CPU
		{7549FCD3-D436-44DC-A013-0D0630B7236B}.Release|x86.ActiveCfg = Release|Any CPU
		{7549FCD3-D436-44DC-A013-0D0630B7236B}.WindowsPhone|Any CPU.ActiveCfg = Debug|Any CPU
		{7549FCD3-D436-44DC-A013-0D0630B7236B}.WindowsPhone|Mixed Platforms.ActiveCfg = Release|Any CPU
		{7549FCD3-D436-44DC-A013-0D0630B7236B}.WindowsPhone|Mixed Platforms.Build.0 = Release|Any CPU
		{7549FCD3-D436-44DC-A013-0D0630B7236B}.WindowsPhone|x86.ActiveCfg = Release|Any CPU
		{6E73A11C-9595-4C6C-93C2-760BFEA37A1A}.Debug|Any CPU.ActiveCfg = Debug|Any CPU
		{6E73A11C-9595-4C6C-93C2-760BFEA37A1A}.Debug|Any CPU.Build.0 = Debug|Any CPU
		{6E73A11C-9595-4C6C-93C2-760BFEA37A1A}.Debug|Mixed Platforms.ActiveCfg = Debug|Any CPU
		{6E73A11C-9595-4C6C-93C2-760BFEA37A1A}.Debug|Mixed Platforms.Build.0 = Debug|Any CPU
		{6E73A11C-9595-4C6C-93C2-760BFEA37A1A}.Debug|x86.ActiveCfg = Debug|Any CPU
		{6E73A11C-9595-4C6C-93C2-760BFEA37A1A}.Development|Any CPU.ActiveCfg = Debug|Any CPU
		{6E73A11C-9595-4C6C-93C2-760BFEA37A1A}.Development|Mixed Platforms.ActiveCfg = Debug|Any CPU
		{6E73A11C-9595-4C6C-93C2-760BFEA37A1A}.Development|x86.ActiveCfg = Debug|Any CPU
		{6E73A11C-9595-4C6C-93C2-760BFEA37A1A}.Release|Any CPU.ActiveCfg = Release|Any CPU
		{6E73A11C-9595-4C6C-93C2-760BFEA37A1A}.Release|Any CPU.Build.0 = Release|Any CPU
		{6E73A11C-9595-4C6C-93C2-760BFEA37A1A}.Release|Mixed Platforms.ActiveCfg = Release|Any CPU
		{6E73A11C-9595-4C6C-93C2-760BFEA37A1A}.Release|Mixed Platforms.Build.0 = Release|Any CPU
		{6E73A11C-9595-4C6C-93C2-760BFEA37A1A}.Release|x86.ActiveCfg = Release|Any CPU
		{6E73A11C-9595-4C6C-93C2-760BFEA37A1A}.WindowsPhone|Any CPU.ActiveCfg = Debug|Any CPU
		{6E73A11C-9595-4C6C-93C2-760BFEA37A1A}.WindowsPhone|Mixed Platforms.ActiveCfg = Release|Any CPU
		{6E73A11C-9595-4C6C-93C2-760BFEA37A1A}.WindowsPhone|Mixed Platforms.Build.0 = Release|Any CPU
		{6E73A11C-9595-4C6C-93C2-760BFEA37A1A}.WindowsPhone|x86.ActiveCfg = Release|Any CPU
		{9AB65050-0663-40BC-B3DF-6CD3EC96CAA0}.Debug|Any CPU.ActiveCfg = Debug|Any CPU
		{9AB65050-0663-40BC-B3DF-6CD3EC96CAA0}.Debug|Any CPU.Build.0 = Debug|Any CPU
		{9AB65050-0663-40BC-B3DF-6CD3EC96CAA0}.Debug|Mixed Platforms.ActiveCfg = Debug|Any CPU
		{9AB65050-0663-40BC-B3DF-6CD3EC96CAA0}.Debug|Mixed Platforms.Build.0 = Debug|Any CPU
		{9AB65050-0663-40BC-B3DF-6CD3EC96CAA0}.Debug|x86.ActiveCfg = Debug|Any CPU
		{9AB65050-0663-40BC-B3DF-6CD3EC96CAA0}.Development|Any CPU.ActiveCfg = Debug|Any CPU
		{9AB65050-0663-40BC-B3DF-6CD3EC96CAA0}.Development|Mixed Platforms.ActiveCfg = Debug|Any CPU
		{9AB65050-0663-40BC-B3DF-6CD3EC96CAA0}.Development|x86.ActiveCfg = Debug|Any CPU
		{9AB65050-0663-40BC-B3DF-6CD3EC96CAA0}.Release|Any CPU.ActiveCfg = Release|Any CPU
		{9AB65050-0663-40BC-B3DF-6CD3EC96CAA0}.Release|Any CPU.Build.0 = Release|Any CPU
		{9AB65050-0663-40BC-B3DF-6CD3EC96CAA0}.Release|Mixed Platforms.ActiveCfg = Release|Any CPU
		{9AB65050-0663-40BC-B3DF-6CD3EC96CAA0}.Release|Mixed Platforms.Build.0 = Release|Any CPU
		{9AB65050-0663-40BC-B3DF-6CD3EC96CAA0}.Release|x86.ActiveCfg = Release|Any CPU
		{9AB65050-0663-40BC-B3DF-6CD3EC96CAA0}.WindowsPhone|Any CPU.ActiveCfg = Debug|Any CPU
		{9AB65050-0663-40BC-B3DF-6CD3EC96CAA0}.WindowsPhone|Mixed Platforms.ActiveCfg = Release|Any CPU
		{9AB65050-0663-40BC-B3DF-6CD3EC96CAA0}.WindowsPhone|Mixed Platforms.Build.0 = Release|Any CPU
		{9AB65050-0663-40BC-B3DF-6CD3EC96CAA0}.WindowsPhone|x86.ActiveCfg = Release|Any CPU
		{8BBADC32-517C-480E-86DD-519D2C4A4691}.Debug|Any CPU.ActiveCfg = Debug|Any CPU
		{8BBADC32-517C-480E-86DD-519D2C4A4691}.Debug|Any CPU.Build.0 = Debug|Any CPU
		{8BBADC32-517C-480E-86DD-519D2C4A4691}.Debug|Mixed Platforms.ActiveCfg = Debug|Any CPU
		{8BBADC32-517C-480E-86DD-519D2C4A4691}.Debug|Mixed Platforms.Build.0 = Debug|Any CPU
		{8BBADC32-517C-480E-86DD-519D2C4A4691}.Debug|x86.ActiveCfg = Debug|Any CPU
		{8BBADC32-517C-480E-86DD-519D2C4A4691}.Development|Any CPU.ActiveCfg = Debug|Any CPU
		{8BBADC32-517C-480E-86DD-519D2C4A4691}.Development|Mixed Platforms.ActiveCfg = Debug|Any CPU
		{8BBADC32-517C-480E-86DD-519D2C4A4691}.Development|x86.ActiveCfg = Debug|Any CPU
		{8BBADC32-517C-480E-86DD-519D2C4A4691}.Release|Any CPU.ActiveCfg = Release|Any CPU
		{8BBADC32-517C-480E-86DD-519D2C4A4691}.Release|Any CPU.Build.0 = Release|Any CPU
		{8BBADC32-517C-480E-86DD-519D2C4A4691}.Release|Mixed Platforms.ActiveCfg = Release|Any CPU
		{8BBADC32-517C-480E-86DD-519D2C4A4691}.Release|Mixed Platforms.Build.0 = Release|Any CPU
		{8BBADC32-517C-480E-86DD-519D2C4A4691}.Release|x86.ActiveCfg = Release|Any CPU
		{8BBADC32-517C-480E-86DD-519D2C4A4691}.WindowsPhone|Any CPU.ActiveCfg = Debug|Any CPU
		{8BBADC32-517C-480E-86DD-519D2C4A4691}.WindowsPhone|Mixed Platforms.ActiveCfg = Release|Any CPU
		{8BBADC32-517C-480E-86DD-519D2C4A4691}.WindowsPhone|Mixed Platforms.Build.0 = Release|Any CPU
		{8BBADC32-517C-480E-86DD-519D2C4A4691}.WindowsPhone|x86.ActiveCfg = Release|Any CPU
		{75D60BBF-3EB0-4C22-A83F-286A4671DE0C}.Debug|Any CPU.ActiveCfg = Debug|x86
		{75D60BBF-3EB0-4C22-A83F-286A4671DE0C}.Debug|Mixed Platforms.ActiveCfg = Debug|x86
		{75D60BBF-3EB0-4C22-A83F-286A4671DE0C}.Debug|Mixed Platforms.Build.0 = Debug|x86
		{75D60BBF-3EB0-4C22-A83F-286A4671DE0C}.Debug|x86.ActiveCfg = Debug|x86
		{75D60BBF-3EB0-4C22-A83F-286A4671DE0C}.Debug|x86.Build.0 = Debug|x86
		{75D60BBF-3EB0-4C22-A83F-286A4671DE0C}.Development|Any CPU.ActiveCfg = Debug|x86
		{75D60BBF-3EB0-4C22-A83F-286A4671DE0C}.Development|Any CPU.Build.0 = Debug|x86
		{75D60BBF-3EB0-4C22-A83F-286A4671DE0C}.Development|Mixed Platforms.ActiveCfg = Debug|x86
		{75D60BBF-3EB0-4C22-A83F-286A4671DE0C}.Development|Mixed Platforms.Build.0 = Debug|x86
		{75D60BBF-3EB0-4C22-A83F-286A4671DE0C}.Development|x86.ActiveCfg = Debug|x86
		{75D60BBF-3EB0-4C22-A83F-286A4671DE0C}.Development|x86.Build.0 = Debug|x86
		{75D60BBF-3EB0-4C22-A83F-286A4671DE0C}.Release|Any CPU.ActiveCfg = Release|x86
		{75D60BBF-3EB0-4C22-A83F-286A4671DE0C}.Release|Mixed Platforms.ActiveCfg = Release|x86
		{75D60BBF-3EB0-4C22-A83F-286A4671DE0C}.Release|Mixed Platforms.Build.0 = Release|x86
		{75D60BBF-3EB0-4C22-A83F-286A4671DE0C}.Release|x86.ActiveCfg = Release|x86
		{75D60BBF-3EB0-4C22-A83F-286A4671DE0C}.Release|x86.Build.0 = Release|x86
		{75D60BBF-3EB0-4C22-A83F-286A4671DE0C}.WindowsPhone|Any CPU.ActiveCfg = Release|x86
		{75D60BBF-3EB0-4C22-A83F-286A4671DE0C}.WindowsPhone|Mixed Platforms.ActiveCfg = Release|x86
		{75D60BBF-3EB0-4C22-A83F-286A4671DE0C}.WindowsPhone|Mixed Platforms.Build.0 = Release|x86
		{75D60BBF-3EB0-4C22-A83F-286A4671DE0C}.WindowsPhone|x86.ActiveCfg = Release|x86
		{75D60BBF-3EB0-4C22-A83F-286A4671DE0C}.WindowsPhone|x86.Build.0 = Release|x86
	EndGlobalSection
	GlobalSection(SolutionProperties) = preSolution
		HideSolutionNode = FALSE
	EndGlobalSection
	GlobalSection(NestedProjects) = preSolution
		{26870E6B-C93E-4102-91F6-938B2603CE9A} = {E51BCCED-94BB-4C92-98A0-3D1310E01FAE}
		{47C8D059-8A35-42D2-8F63-559A788A5695} = {E51BCCED-94BB-4C92-98A0-3D1310E01FAE}
		{D82D2A7C-CCBD-4229-9B91-1BDB26F8D5D1} = {E51BCCED-94BB-4C92-98A0-3D1310E01FAE}
		{3AD1D8E7-9F7A-423E-B655-70F8E778AFE9} = {E51BCCED-94BB-4C92-98A0-3D1310E01FAE}
		{459B4B09-B331-499B-A33A-BFDA6AED19EE} = {E51BCCED-94BB-4C92-98A0-3D1310E01FAE}
		{44298FB2-44CA-4CDF-A806-98BCAC5DB179} = {E51BCCED-94BB-4C92-98A0-3D1310E01FAE}
		{8BBADC32-517C-480E-86DD-519D2C4A4691} = {E51BCCED-94BB-4C92-98A0-3D1310E01FAE}
		{B9984631-7145-438E-968C-5F58A10D26C5} = {26870E6B-C93E-4102-91F6-938B2603CE9A}
		{D336462F-2F05-4B21-B616-BE7A0F8F8134} = {26870E6B-C93E-4102-91F6-938B2603CE9A}
		{84AFB9E3-2694-46D6-AF0F-F4EE213F0CEC} = {26870E6B-C93E-4102-91F6-938B2603CE9A}
	EndGlobalSection
EndGlobal
